
Microsoft Visual Studio Solution File, Format Version 12.00
# Visual Studio Version 17
VisualStudioVersion = 17.13.35931.197 d17.13
MinimumVisualStudioVersion = 10.0.40219.1
Project("{FAE04EC0-301F-11D3-BF4B-00C04F79EFBC}") = "Grigorovici_Tonia_Siemens_Internship", "Grigorovici_Tonia_Siemens_Internship.csproj", "{4984A128-3585-420D-BCFF-3B22D08AABC6}"
EndProject
Global
	GlobalSection(SolutionConfigurationPlatforms) = preSolution
		Debug|Any CPU = Debug|Any CPU
		Release|Any CPU = Release|Any CPU
	EndGlobalSection
	GlobalSection(ProjectConfigurationPlatforms) = postSolution
		{4984A128-3585-420D-BCFF-3B22D08AABC6}.Debug|Any CPU.ActiveCfg = Debug|Any CPU
		{4984A128-3585-420D-BCFF-3B22D08AABC6}.Debug|Any CPU.Build.0 = Debug|Any CPU
		{4984A128-3585-420D-BCFF-3B22D08AABC6}.Release|Any CPU.ActiveCfg = Release|Any CPU
		{4984A128-3585-420D-BCFF-3B22D08AABC6}.Release|Any CPU.Build.0 = Release|Any CPU
	EndGlobalSection
	GlobalSection(SolutionProperties) = preSolution
		HideSolutionNode = FALSE
	EndGlobalSection
	GlobalSection(ExtensibilityGlobals) = postSolution
		SolutionGuid = {447C07FF-CA87-4A17-9239-59CB3191CB1F}
	EndGlobalSection
EndGlobal
